
Microsoft Visual Studio Solution File, Format Version 12.00
# Visual Studio Version 17
VisualStudioVersion = 17.0.31919.166
MinimumVisualStudioVersion = 10.0.40219.1
Project("{FAE04EC0-301F-11D3-BF4B-00C04F79EFBC}") = "GPUScalper", "GPUScalper\GPUScalper.csproj", "{99B4BD38-876B-40DD-A424-034DAD0B4DF1}"
EndProject
Global
	GlobalSection(SolutionConfigurationPlatforms) = preSolution
		Debug|Any CPU = Debug|Any CPU
		Release|Any CPU = Release|Any CPU
	EndGlobalSection
	GlobalSection(ProjectConfigurationPlatforms) = postSolution
		{99B4BD38-876B-40DD-A424-034DAD0B4DF1}.Debug|Any CPU.ActiveCfg = Debug|Any CPU
		{99B4BD38-876B-40DD-A424-034DAD0B4DF1}.Debug|Any CPU.Build.0 = Debug|Any CPU
		{99B4BD38-876B-40DD-A424-034DAD0B4DF1}.Release|Any CPU.ActiveCfg = Release|Any CPU
		{99B4BD38-876B-40DD-A424-034DAD0B4DF1}.Release|Any CPU.Build.0 = Release|Any CPU
	EndGlobalSection
	GlobalSection(SolutionProperties) = preSolution
		HideSolutionNode = FALSE
	EndGlobalSection
	GlobalSection(ExtensibilityGlobals) = postSolution
		SolutionGuid = {7C87DBE1-3719-473C-9730-5E3B33E62BB3}
	EndGlobalSection
EndGlobal
